
Microsoft Visual Studio Solution File, Format Version 12.00
# Visual Studio 15
VisualStudioVersion = 15.0.26124.0
MinimumVisualStudioVersion = 15.0.26124.0
Project("{FAE04EC0-301F-11D3-BF4B-00C04F79EFBC}") = "Teste.Api", "Teste.Api\Teste.Api.csproj", "{7276910E-D94A-452B-85A3-0BA3727CD974}"
EndProject
Project("{FAE04EC0-301F-11D3-BF4B-00C04F79EFBC}") = "Teste.Domain", "Teste.Domain\Teste.Domain.csproj", "{7190EC8B-D793-40AF-B16D-B2F4558BCC3C}"
EndProject
Project("{FAE04EC0-301F-11D3-BF4B-00C04F79EFBC}") = "Teste.Infra", "Teste.Infra\Teste.Infra.csproj", "{F9B8B278-4DFC-4AD5-988A-370E73DD79B3}"
EndProject
Project("{FAE04EC0-301F-11D3-BF4B-00C04F79EFBC}") = "Teste.Shared", "Teste.Shared\Teste.Shared.csproj", "{1B1A6F31-95E1-4FDB-8D22-D0FC1D8E52A6}"
EndProject
Project("{FAE04EC0-301F-11D3-BF4B-00C04F79EFBC}") = "Teste.Tests", "Teste.Tests\Teste.Tests.csproj", "{EE4730A0-DBA6-4945-B0AC-722F650792B4}"
EndProject
Global
	GlobalSection(SolutionConfigurationPlatforms) = preSolution
		Debug|Any CPU = Debug|Any CPU
		Debug|x64 = Debug|x64
		Debug|x86 = Debug|x86
		Release|Any CPU = Release|Any CPU
		Release|x64 = Release|x64
		Release|x86 = Release|x86
	EndGlobalSection
	GlobalSection(SolutionProperties) = preSolution
		HideSolutionNode = FALSE
	EndGlobalSection
	GlobalSection(ProjectConfigurationPlatforms) = postSolution
		{7276910E-D94A-452B-85A3-0BA3727CD974}.Debug|Any CPU.ActiveCfg = Debug|Any CPU
		{7276910E-D94A-452B-85A3-0BA3727CD974}.Debug|Any CPU.Build.0 = Debug|Any CPU
		{7276910E-D94A-452B-85A3-0BA3727CD974}.Debug|x64.ActiveCfg = Debug|Any CPU
		{7276910E-D94A-452B-85A3-0BA3727CD974}.Debug|x64.Build.0 = Debug|Any CPU
		{7276910E-D94A-452B-85A3-0BA3727CD974}.Debug|x86.ActiveCfg = Debug|Any CPU
		{7276910E-D94A-452B-85A3-0BA3727CD974}.Debug|x86.Build.0 = Debug|Any CPU
		{7276910E-D94A-452B-85A3-0BA3727CD974}.Release|Any CPU.ActiveCfg = Release|Any CPU
		{7276910E-D94A-452B-85A3-0BA3727CD974}.Release|Any CPU.Build.0 = Release|Any CPU
		{7276910E-D94A-452B-85A3-0BA3727CD974}.Release|x64.ActiveCfg = Release|Any CPU
		{7276910E-D94A-452B-85A3-0BA3727CD974}.Release|x64.Build.0 = Release|Any CPU
		{7276910E-D94A-452B-85A3-0BA3727CD974}.Release|x86.ActiveCfg = Release|Any CPU
		{7276910E-D94A-452B-85A3-0BA3727CD974}.Release|x86.Build.0 = Release|Any CPU
		{7190EC8B-D793-40AF-B16D-B2F4558BCC3C}.Debug|Any CPU.ActiveCfg = Debug|Any CPU
		{7190EC8B-D793-40AF-B16D-B2F4558BCC3C}.Debug|Any CPU.Build.0 = Debug|Any CPU
		{7190EC8B-D793-40AF-B16D-B2F4558BCC3C}.Debug|x64.ActiveCfg = Debug|Any CPU
		{7190EC8B-D793-40AF-B16D-B2F4558BCC3C}.Debug|x64.Build.0 = Debug|Any CPU
		{7190EC8B-D793-40AF-B16D-B2F4558BCC3C}.Debug|x86.ActiveCfg = Debug|Any CPU
		{7190EC8B-D793-40AF-B16D-B2F4558BCC3C}.Debug|x86.Build.0 = Debug|Any CPU
		{7190EC8B-D793-40AF-B16D-B2F4558BCC3C}.Release|Any CPU.ActiveCfg = Release|Any CPU
		{7190EC8B-D793-40AF-B16D-B2F4558BCC3C}.Release|Any CPU.Build.0 = Release|Any CPU
		{7190EC8B-D793-40AF-B16D-B2F4558BCC3C}.Release|x64.ActiveCfg = Release|Any CPU
		{7190EC8B-D793-40AF-B16D-B2F4558BCC3C}.Release|x64.Build.0 = Release|Any CPU
		{7190EC8B-D793-40AF-B16D-B2F4558BCC3C}.Release|x86.ActiveCfg = Release|Any CPU
		{7190EC8B-D793-40AF-B16D-B2F4558BCC3C}.Release|x86.Build.0 = Release|Any CPU
		{F9B8B278-4DFC-4AD5-988A-370E73DD79B3}.Debug|Any CPU.ActiveCfg = Debug|Any CPU
		{F9B8B278-4DFC-4AD5-988A-370E73DD79B3}.Debug|Any CPU.Build.0 = Debug|Any CPU
		{F9B8B278-4DFC-4AD5-988A-370E73DD79B3}.Debug|x64.ActiveCfg = Debug|Any CPU
		{F9B8B278-4DFC-4AD5-988A-370E73DD79B3}.Debug|x64.Build.0 = Debug|Any CPU
		{F9B8B278-4DFC-4AD5-988A-370E73DD79B3}.Debug|x86.ActiveCfg = Debug|Any CPU
		{F9B8B278-4DFC-4AD5-988A-370E73DD79B3}.Debug|x86.Build.0 = Debug|Any CPU
		{F9B8B278-4DFC-4AD5-988A-370E73DD79B3}.Release|Any CPU.ActiveCfg = Release|Any CPU
		{F9B8B278-4DFC-4AD5-988A-370E73DD79B3}.Release|Any CPU.Build.0 = Release|Any CPU
		{F9B8B278-4DFC-4AD5-988A-370E73DD79B3}.Release|x64.ActiveCfg = Release|Any CPU
		{F9B8B278-4DFC-4AD5-988A-370E73DD79B3}.Release|x64.Build.0 = Release|Any CPU
		{F9B8B278-4DFC-4AD5-988A-370E73DD79B3}.Release|x86.ActiveCfg = Release|Any CPU
		{F9B8B278-4DFC-4AD5-988A-370E73DD79B3}.Release|x86.Build.0 = Release|Any CPU
		{1B1A6F31-95E1-4FDB-8D22-D0FC1D8E52A6}.Debug|Any CPU.ActiveCfg = Debug|Any CPU
		{1B1A6F31-95E1-4FDB-8D22-D0FC1D8E52A6}.Debug|Any CPU.Build.0 = Debug|Any CPU
		{1B1A6F31-95E1-4FDB-8D22-D0FC1D8E52A6}.Debug|x64.ActiveCfg = Debug|Any CPU
		{1B1A6F31-95E1-4FDB-8D22-D0FC1D8E52A6}.Debug|x64.Build.0 = Debug|Any CPU
		{1B1A6F31-95E1-4FDB-8D22-D0FC1D8E52A6}.Debug|x86.ActiveCfg = Debug|Any CPU
		{1B1A6F31-95E1-4FDB-8D22-D0FC1D8E52A6}.Debug|x86.Build.0 = Debug|Any CPU
		{1B1A6F31-95E1-4FDB-8D22-D0FC1D8E52A6}.Release|Any CPU.ActiveCfg = Release|Any CPU
		{1B1A6F31-95E1-4FDB-8D22-D0FC1D8E52A6}.Release|Any CPU.Build.0 = Release|Any CPU
		{1B1A6F31-95E1-4FDB-8D22-D0FC1D8E52A6}.Release|x64.ActiveCfg = Release|Any CPU
		{1B1A6F31-95E1-4FDB-8D22-D0FC1D8E52A6}.Release|x64.Build.0 = Release|Any CPU
		{1B1A6F31-95E1-4FDB-8D22-D0FC1D8E52A6}.Release|x86.ActiveCfg = Release|Any CPU
		{1B1A6F31-95E1-4FDB-8D22-D0FC1D8E52A6}.Release|x86.Build.0 = Release|Any CPU
		{EE4730A0-DBA6-4945-B0AC-722F650792B4}.Debug|Any CPU.ActiveCfg = Debug|Any CPU
		{EE4730A0-DBA6-4945-B0AC-722F650792B4}.Debug|Any CPU.Build.0 = Debug|Any CPU
		{EE4730A0-DBA6-4945-B0AC-722F650792B4}.Debug|x64.ActiveCfg = Debug|Any CPU
		{EE4730A0-DBA6-4945-B0AC-722F650792B4}.Debug|x64.Build.0 = Debug|Any CPU
		{EE4730A0-DBA6-4945-B0AC-722F650792B4}.Debug|x86.ActiveCfg = Debug|Any CPU
		{EE4730A0-DBA6-4945-B0AC-722F650792B4}.Debug|x86.Build.0 = Debug|Any CPU
		{EE4730A0-DBA6-4945-B0AC-722F650792B4}.Release|Any CPU.ActiveCfg = Release|Any CPU
		{EE4730A0-DBA6-4945-B0AC-722F650792B4}.Release|Any CPU.Build.0 = Release|Any CPU
		{EE4730A0-DBA6-4945-B0AC-722F650792B4}.Release|x64.ActiveCfg = Release|Any CPU
		{EE4730A0-DBA6-4945-B0AC-722F650792B4}.Release|x64.Build.0 = Release|Any CPU
		{EE4730A0-DBA6-4945-B0AC-722F650792B4}.Release|x86.ActiveCfg = Release|Any CPU
		{EE4730A0-DBA6-4945-B0AC-722F650792B4}.Release|x86.Build.0 = Release|Any CPU
	EndGlobalSection
EndGlobal
